
Microsoft Visual Studio Solution File, Format Version 12.00
# Visual Studio Version 17
VisualStudioVersion = 17.1.31911.260
MinimumVisualStudioVersion = 10.0.40219.1
Project("{9A19103F-16F7-4668-BE54-9A1E7A4F7556}") = "Programming", "Programming.csproj", "{7FDC5B62-2A81-455C-9CF4-8C8889137011}"
EndProject
Project("{9A19103F-16F7-4668-BE54-9A1E7A4F7556}") = "ADS", "ADS\ADS.csproj", "{6D8AA018-8BD9-46C0-BDE4-3A5E5501F11E}"
EndProject
Project("{FAE04EC0-301F-11D3-BF4B-00C04F79EFBC}") = "Tests, ControlWork_21_03_2022", "TestProject\Tests, ControlWork_21_03_2022.csproj", "{B378FFF3-73B5-494A-A65F-72AFCA2BF447}"
EndProject
Global
	GlobalSection(SolutionConfigurationPlatforms) = preSolution
		Debug|Any CPU = Debug|Any CPU
		Release|Any CPU = Release|Any CPU
	EndGlobalSection
	GlobalSection(ProjectConfigurationPlatforms) = postSolution
		{7FDC5B62-2A81-455C-9CF4-8C8889137011}.Debug|Any CPU.ActiveCfg = Debug|Any CPU
		{7FDC5B62-2A81-455C-9CF4-8C8889137011}.Debug|Any CPU.Build.0 = Debug|Any CPU
		{7FDC5B62-2A81-455C-9CF4-8C8889137011}.Release|Any CPU.ActiveCfg = Release|Any CPU
		{7FDC5B62-2A81-455C-9CF4-8C8889137011}.Release|Any CPU.Build.0 = Release|Any CPU
		{6D8AA018-8BD9-46C0-BDE4-3A5E5501F11E}.Debug|Any CPU.ActiveCfg = Debug|Any CPU
		{6D8AA018-8BD9-46C0-BDE4-3A5E5501F11E}.Debug|Any CPU.Build.0 = Debug|Any CPU
		{6D8AA018-8BD9-46C0-BDE4-3A5E5501F11E}.Release|Any CPU.ActiveCfg = Release|Any CPU
		{6D8AA018-8BD9-46C0-BDE4-3A5E5501F11E}.Release|Any CPU.Build.0 = Release|Any CPU
		{B378FFF3-73B5-494A-A65F-72AFCA2BF447}.Debug|Any CPU.ActiveCfg = Debug|Any CPU
		{B378FFF3-73B5-494A-A65F-72AFCA2BF447}.Debug|Any CPU.Build.0 = Debug|Any CPU
		{B378FFF3-73B5-494A-A65F-72AFCA2BF447}.Release|Any CPU.ActiveCfg = Release|Any CPU
		{B378FFF3-73B5-494A-A65F-72AFCA2BF447}.Release|Any CPU.Build.0 = Release|Any CPU
	EndGlobalSection
	GlobalSection(SolutionProperties) = preSolution
		HideSolutionNode = FALSE
	EndGlobalSection
	GlobalSection(ExtensibilityGlobals) = postSolution
		SolutionGuid = {4805B3CB-352A-4B65-8AC4-8B0330EB4630}
	EndGlobalSection
EndGlobal
